
Microsoft Visual Studio Solution File, Format Version 12.00
# Visual Studio Version 17
VisualStudioVersion = 17.14.36310.24 d17.14
MinimumVisualStudioVersion = 10.0.40219.1
Project("{FAE04EC0-301F-11D3-BF4B-00C04F79EFBC}") = "cinemaapp", "cinemaapp\cinemaapp.csproj", "{93959810-5CE0-4748-B69D-ADB930F288BC}"
EndProject
Global
	GlobalSection(SolutionConfigurationPlatforms) = preSolution
		Debug|Any CPU = Debug|Any CPU
		Release|Any CPU = Release|Any CPU
	EndGlobalSection
	GlobalSection(ProjectConfigurationPlatforms) = postSolution
		{93959810-5CE0-4748-B69D-ADB930F288BC}.Debug|Any CPU.ActiveCfg = Debug|Any CPU
		{93959810-5CE0-4748-B69D-ADB930F288BC}.Debug|Any CPU.Build.0 = Debug|Any CPU
		{93959810-5CE0-4748-B69D-ADB930F288BC}.Release|Any CPU.ActiveCfg = Release|Any CPU
		{93959810-5CE0-4748-B69D-ADB930F288BC}.Release|Any CPU.Build.0 = Release|Any CPU
	EndGlobalSection
	GlobalSection(SolutionProperties) = preSolution
		HideSolutionNode = FALSE
	EndGlobalSection
	GlobalSection(ExtensibilityGlobals) = postSolution
		SolutionGuid = {25AC1FD6-A8C0-4A19-8402-CB66E31AD1A0}
	EndGlobalSection
EndGlobal
